
Microsoft Visual Studio Solution File, Format Version 12.00
# Visual Studio Version 16
VisualStudioVersion = 16.0.30621.155
MinimumVisualStudioVersion = 10.0.40219.1
Project("{FAE04EC0-301F-11D3-BF4B-00C04F79EFBC}") = "201103_Form_Class", "201103_Form_Class\201103_Form_Class.csproj", "{A471DDA3-FF86-4326-A5BF-39A2BAFBCF29}"
EndProject
Global
	GlobalSection(SolutionConfigurationPlatforms) = preSolution
		Debug|Any CPU = Debug|Any CPU
		Release|Any CPU = Release|Any CPU
	EndGlobalSection
	GlobalSection(ProjectConfigurationPlatforms) = postSolution
		{A471DDA3-FF86-4326-A5BF-39A2BAFBCF29}.Debug|Any CPU.ActiveCfg = Debug|Any CPU
		{A471DDA3-FF86-4326-A5BF-39A2BAFBCF29}.Debug|Any CPU.Build.0 = Debug|Any CPU
		{A471DDA3-FF86-4326-A5BF-39A2BAFBCF29}.Release|Any CPU.ActiveCfg = Release|Any CPU
		{A471DDA3-FF86-4326-A5BF-39A2BAFBCF29}.Release|Any CPU.Build.0 = Release|Any CPU
	EndGlobalSection
	GlobalSection(SolutionProperties) = preSolution
		HideSolutionNode = FALSE
	EndGlobalSection
	GlobalSection(ExtensibilityGlobals) = postSolution
		SolutionGuid = {1FD0E133-A5FD-4717-A44C-D1A6541C78BF}
	EndGlobalSection
EndGlobal
